
Microsoft Visual Studio Solution File, Format Version 12.00
# Visual Studio Version 17
VisualStudioVersion = 17.2.32630.192
MinimumVisualStudioVersion = 10.0.40219.1
Project("{9A19103F-16F7-4668-BE54-9A1E7A4F7556}") = "SixRens.UI.Blazor", "SixRens.UI.Blazor\SixRens.UI.Blazor.csproj", "{98214F4F-6869-4718-A5D1-B851B90C0579}"
EndProject
Global
	GlobalSection(SolutionConfigurationPlatforms) = preSolution
		Debug|Any CPU = Debug|Any CPU
		Release|Any CPU = Release|Any CPU
	EndGlobalSection
	GlobalSection(ProjectConfigurationPlatforms) = postSolution
		{98214F4F-6869-4718-A5D1-B851B90C0579}.Debug|Any CPU.ActiveCfg = Debug|Any CPU
		{98214F4F-6869-4718-A5D1-B851B90C0579}.Debug|Any CPU.Build.0 = Debug|Any CPU
		{98214F4F-6869-4718-A5D1-B851B90C0579}.Release|Any CPU.ActiveCfg = Release|Any CPU
		{98214F4F-6869-4718-A5D1-B851B90C0579}.Release|Any CPU.Build.0 = Release|Any CPU
	EndGlobalSection
	GlobalSection(SolutionProperties) = preSolution
		HideSolutionNode = FALSE
	EndGlobalSection
	GlobalSection(ExtensibilityGlobals) = postSolution
		SolutionGuid = {1F45F28C-89D0-4950-AAA0-FF552C91CDB4}
	EndGlobalSection
EndGlobal
